
Microsoft Visual Studio Solution File, Format Version 12.00
# Visual Studio Version 17
VisualStudioVersion = 17.11.35327.3
MinimumVisualStudioVersion = 10.0.40219.1
Project("{FAE04EC0-301F-11D3-BF4B-00C04F79EFBC}") = "EcommerceShop", "EcommerceShop\EcommerceShop.csproj", "{B18C2E34-04DF-40FE-9A9C-C0B0AFDB2D59}"
EndProject
Global
	GlobalSection(SolutionConfigurationPlatforms) = preSolution
		Debug|Any CPU = Debug|Any CPU
		Release|Any CPU = Release|Any CPU
	EndGlobalSection
	GlobalSection(ProjectConfigurationPlatforms) = postSolution
		{B18C2E34-04DF-40FE-9A9C-C0B0AFDB2D59}.Debug|Any CPU.ActiveCfg = Debug|Any CPU
		{B18C2E34-04DF-40FE-9A9C-C0B0AFDB2D59}.Debug|Any CPU.Build.0 = Debug|Any CPU
		{B18C2E34-04DF-40FE-9A9C-C0B0AFDB2D59}.Release|Any CPU.ActiveCfg = Release|Any CPU
		{B18C2E34-04DF-40FE-9A9C-C0B0AFDB2D59}.Release|Any CPU.Build.0 = Release|Any CPU
	EndGlobalSection
	GlobalSection(SolutionProperties) = preSolution
		HideSolutionNode = FALSE
	EndGlobalSection
	GlobalSection(ExtensibilityGlobals) = postSolution
		SolutionGuid = {3138A6CF-DE97-4751-A1CC-6FC127457413}
	EndGlobalSection
EndGlobal
